{
  "name": "webView",
  "version": "3.6.2",
  "lockfileVersion": 2,
  "requires": true,
  "packages": {
    "": {
      "name": "webView",
      "version": "3.6.2",
      "dependencies": {
        "appylar-package-5ex": "^0.0.15",
        "packagefortesting": "^0.0.119",
        "ts-global": "^1.0.1"
      },
      "devDependencies": {
        "@types/node": "^18.15.11",
        "mytestpackage5ex": "^1.0.19"
      }
    },
    "node_modules/@types/node": {
      "version": "18.15.11",
      "resolved": "https://registry.npmjs.org/@types/node/-/node-18.15.11.tgz",
      "integrity": "sha512-E5Kwq2n4SbMzQOn6wnmBjuK9ouqlURrcZDVfbo9ftDDTFt3nk7ZKK4GMOzoYgnpQJKcxwQw+lGaBvvlMo0qN/Q==",
      "dev": true
    },
    "node_modules/appylar-package-5ex": {
      "version": "0.0.15",
      "resolved": "https://registry.npmjs.org/appylar-package-5ex/-/appylar-package-5ex-0.0.15.tgz",
      "integrity": "sha512-osliVgYjFvfSL10Ha+tuas8y6+Mk9yhfgR6xRM2agLayditGxv7iZ3eHcoa06EPi4x9Upp8VNFiqMNPjiibC9g==",
      "dependencies": {
        "ts-global": "^1.0.1"
      }
    },
    "node_modules/cross-fetch": {
      "version": "3.1.5",
      "resolved": "https://registry.npmjs.org/cross-fetch/-/cross-fetch-3.1.5.tgz",
      "integrity": "sha512-lvb1SBsI0Z7GDwmuid+mU3kWVBwTVUbe7S0H52yaaAdQOXq2YktTCZdlAcNKFzE6QtRz0snpw9bNiPeOIkkQvw==",
      "dependencies": {
        "node-fetch": "2.6.7"
      }
    },
    "node_modules/mytestpackage5ex": {
      "version": "1.0.19",
      "resolved": "https://registry.npmjs.org/mytestpackage5ex/-/mytestpackage5ex-1.0.19.tgz",
      "integrity": "sha512-ADjYvB4MoR0N3QTp6PyI1jHCmIGAiXxh6agSJTgoSbGH2NnBQwj5IP6CiympsQTvx36DuVhDXPWALuMufs4tgQ==",
      "dev": true,
      "engines": {
        "node": ">4.0"
      }
    },
    "node_modules/node-fetch": {
      "version": "2.6.7",
      "resolved": "https://registry.npmjs.org/node-fetch/-/node-fetch-2.6.7.tgz",
      "integrity": "sha512-ZjMPFEfVx5j+y2yF35Kzx5sF7kDzxuDj6ziH4FFbOp87zKDZNx8yExJIb05OGF4Nlt9IHFIMBkRl41VdvcNdbQ==",
      "dependencies": {
        "whatwg-url": "^5.0.0"
      },
      "engines": {
        "node": "4.x || >=6.0.0"
      },
      "peerDependencies": {
        "encoding": "^0.1.0"
      },
      "peerDependenciesMeta": {
        "encoding": {
          "optional": true
        }
      }
    },
    "node_modules/packagefortesting": {
      "version": "0.0.119",
      "resolved": "https://registry.npmjs.org/packagefortesting/-/packagefortesting-0.0.119.tgz",
      "integrity": "sha512-H3+Xru0YN9t0nOHWDQPZX/XdS/3uqpM3zsTewFosRllTyUEJywZ8ln7leZgY5q2aZa5aXIoGM59lfoq5rXZZ9A==",
      "dependencies": {
        "cross-fetch": "^3.1.5"
      }
    },
    "node_modules/tr46": {
      "version": "0.0.3",
      "resolved": "https://registry.npmjs.org/tr46/-/tr46-0.0.3.tgz",
      "integrity": "sha512-N3WMsuqV66lT30CrXNbEjx4GEwlow3v6rr4mCcv6prnfwhS01rkgyFdjPNBYd9br7LpXV1+Emh01fHnq2Gdgrw=="
    },
    "node_modules/ts-global": {
      "version": "1.0.1",
      "resolved": "https://registry.npmjs.org/ts-global/-/ts-global-1.0.1.tgz",
      "integrity": "sha512-/atjFCAGaD/wiD9/57VjfMz2/52Zl2+89YZDcsWhgFL6JSgzR1ZQurlfOhPu9Rj4pWvyBZjEuiye5Ms5mmxT+w=="
    },
    "node_modules/webidl-conversions": {
      "version": "3.0.1",
      "resolved": "https://registry.npmjs.org/webidl-conversions/-/webidl-conversions-3.0.1.tgz",
      "integrity": "sha512-2JAn3z8AR6rjK8Sm8orRC0h/bcl/DqL7tRPdGZ4I1CjdF+EaMLmYxBHyXuKL849eucPFhvBoxMsflfOb8kxaeQ=="
    },
    "node_modules/whatwg-url": {
      "version": "5.0.0",
      "resolved": "https://registry.npmjs.org/whatwg-url/-/whatwg-url-5.0.0.tgz",
      "integrity": "sha512-saE57nupxk6v3HY35+jzBwYa0rKSy0XR8JSxZPwgLr7ys0IBzhGviA1/TUGJLmSVqs8pb9AnvICXEuOHLprYTw==",
      "dependencies": {
        "tr46": "~0.0.3",
        "webidl-conversions": "^3.0.0"
      }
    }
  },
  "dependencies": {
    "@types/node": {
      "version": "18.15.11",
      "resolved": "https://registry.npmjs.org/@types/node/-/node-18.15.11.tgz",
      "integrity": "sha512-E5Kwq2n4SbMzQOn6wnmBjuK9ouqlURrcZDVfbo9ftDDTFt3nk7ZKK4GMOzoYgnpQJKcxwQw+lGaBvvlMo0qN/Q==",
      "dev": true
    },
    "appylar-package-5ex": {
      "version": "0.0.15",
      "resolved": "https://registry.npmjs.org/appylar-package-5ex/-/appylar-package-5ex-0.0.15.tgz",
      "integrity": "sha512-osliVgYjFvfSL10Ha+tuas8y6+Mk9yhfgR6xRM2agLayditGxv7iZ3eHcoa06EPi4x9Upp8VNFiqMNPjiibC9g==",
      "requires": {
        "ts-global": "^1.0.1"
      }
    },
    "cross-fetch": {
      "version": "3.1.5",
      "resolved": "https://registry.npmjs.org/cross-fetch/-/cross-fetch-3.1.5.tgz",
      "integrity": "sha512-lvb1SBsI0Z7GDwmuid+mU3kWVBwTVUbe7S0H52yaaAdQOXq2YktTCZdlAcNKFzE6QtRz0snpw9bNiPeOIkkQvw==",
      "requires": {
        "node-fetch": "2.6.7"
      }
    },
    "mytestpackage5ex": {
      "version": "1.0.19",
      "resolved": "https://registry.npmjs.org/mytestpackage5ex/-/mytestpackage5ex-1.0.19.tgz",
      "integrity": "sha512-ADjYvB4MoR0N3QTp6PyI1jHCmIGAiXxh6agSJTgoSbGH2NnBQwj5IP6CiympsQTvx36DuVhDXPWALuMufs4tgQ==",
      "dev": true
    },
    "node-fetch": {
      "version": "2.6.7",
      "resolved": "https://registry.npmjs.org/node-fetch/-/node-fetch-2.6.7.tgz",
      "integrity": "sha512-ZjMPFEfVx5j+y2yF35Kzx5sF7kDzxuDj6ziH4FFbOp87zKDZNx8yExJIb05OGF4Nlt9IHFIMBkRl41VdvcNdbQ==",
      "requires": {
        "whatwg-url": "^5.0.0"
      }
    },
    "packagefortesting": {
      "version": "0.0.119",
      "resolved": "https://registry.npmjs.org/packagefortesting/-/packagefortesting-0.0.119.tgz",
      "integrity": "sha512-H3+Xru0YN9t0nOHWDQPZX/XdS/3uqpM3zsTewFosRllTyUEJywZ8ln7leZgY5q2aZa5aXIoGM59lfoq5rXZZ9A==",
      "requires": {
        "cross-fetch": "^3.1.5"
      }
    },
    "tr46": {
      "version": "0.0.3",
      "resolved": "https://registry.npmjs.org/tr46/-/tr46-0.0.3.tgz",
      "integrity": "sha512-N3WMsuqV66lT30CrXNbEjx4GEwlow3v6rr4mCcv6prnfwhS01rkgyFdjPNBYd9br7LpXV1+Emh01fHnq2Gdgrw=="
    },
    "ts-global": {
      "version": "1.0.1",
      "resolved": "https://registry.npmjs.org/ts-global/-/ts-global-1.0.1.tgz",
      "integrity": "sha512-/atjFCAGaD/wiD9/57VjfMz2/52Zl2+89YZDcsWhgFL6JSgzR1ZQurlfOhPu9Rj4pWvyBZjEuiye5Ms5mmxT+w=="
    },
    "webidl-conversions": {
      "version": "3.0.1",
      "resolved": "https://registry.npmjs.org/webidl-conversions/-/webidl-conversions-3.0.1.tgz",
      "integrity": "sha512-2JAn3z8AR6rjK8Sm8orRC0h/bcl/DqL7tRPdGZ4I1CjdF+EaMLmYxBHyXuKL849eucPFhvBoxMsflfOb8kxaeQ=="
    },
    "whatwg-url": {
      "version": "5.0.0",
      "resolved": "https://registry.npmjs.org/whatwg-url/-/whatwg-url-5.0.0.tgz",
      "integrity": "sha512-saE57nupxk6v3HY35+jzBwYa0rKSy0XR8JSxZPwgLr7ys0IBzhGviA1/TUGJLmSVqs8pb9AnvICXEuOHLprYTw==",
      "requires": {
        "tr46": "~0.0.3",
        "webidl-conversions": "^3.0.0"
      }
    }
  }
}
