{
  "name": "applyar-demo",
  "version": "3.6.2",
  "lockfileVersion": 2,
  "requires": true,
  "packages": {
    "": {
      "name": "applyar-demo",
      "version": "3.6.2",
      "dependencies": {
        "@appylar/cocos-sdk": "^0.0.9",
        "appylar-package-5ex": "^0.0.15"
      },
      "devDependencies": {
        "@types/node": "^18.15.11"
      }
    },
    "node_modules/@appylar/cocos-sdk": {
      "version": "0.0.9",
      "resolved": "https://registry.npmjs.org/@appylar/cocos-sdk/-/cocos-sdk-0.0.9.tgz",
      "integrity": "sha512-62Obzf7TBvavIa810Rc+Y+AAW56NKfN4KwXg470URQK/+y0rtVrgCN2x5ObHvAGc3Z99N/PwLdJejQO6/BIucQ==",
      "dependencies": {
        "ts-global": "^1.0.1"
      }
    },
    "node_modules/@types/node": {
      "version": "18.15.11",
      "resolved": "https://registry.npmjs.org/@types/node/-/node-18.15.11.tgz",
      "integrity": "sha512-E5Kwq2n4SbMzQOn6wnmBjuK9ouqlURrcZDVfbo9ftDDTFt3nk7ZKK4GMOzoYgnpQJKcxwQw+lGaBvvlMo0qN/Q==",
      "dev": true
    },
    "node_modules/appylar-package-5ex": {
      "version": "0.0.15",
      "resolved": "https://registry.npmjs.org/appylar-package-5ex/-/appylar-package-5ex-0.0.15.tgz",
      "integrity": "sha512-osliVgYjFvfSL10Ha+tuas8y6+Mk9yhfgR6xRM2agLayditGxv7iZ3eHcoa06EPi4x9Upp8VNFiqMNPjiibC9g==",
      "dependencies": {
        "ts-global": "^1.0.1"
      }
    },
    "node_modules/ts-global": {
      "version": "1.0.1",
      "resolved": "https://registry.npmjs.org/ts-global/-/ts-global-1.0.1.tgz",
      "integrity": "sha512-/atjFCAGaD/wiD9/57VjfMz2/52Zl2+89YZDcsWhgFL6JSgzR1ZQurlfOhPu9Rj4pWvyBZjEuiye5Ms5mmxT+w=="
    }
  },
  "dependencies": {
    "@appylar/cocos-sdk": {
      "version": "0.0.9",
      "resolved": "https://registry.npmjs.org/@appylar/cocos-sdk/-/cocos-sdk-0.0.9.tgz",
      "integrity": "sha512-62Obzf7TBvavIa810Rc+Y+AAW56NKfN4KwXg470URQK/+y0rtVrgCN2x5ObHvAGc3Z99N/PwLdJejQO6/BIucQ==",
      "requires": {
        "ts-global": "^1.0.1"
      }
    },
    "@types/node": {
      "version": "18.15.11",
      "resolved": "https://registry.npmjs.org/@types/node/-/node-18.15.11.tgz",
      "integrity": "sha512-E5Kwq2n4SbMzQOn6wnmBjuK9ouqlURrcZDVfbo9ftDDTFt3nk7ZKK4GMOzoYgnpQJKcxwQw+lGaBvvlMo0qN/Q==",
      "dev": true
    },
    "appylar-package-5ex": {
      "version": "0.0.15",
      "resolved": "https://registry.npmjs.org/appylar-package-5ex/-/appylar-package-5ex-0.0.15.tgz",
      "integrity": "sha512-osliVgYjFvfSL10Ha+tuas8y6+Mk9yhfgR6xRM2agLayditGxv7iZ3eHcoa06EPi4x9Upp8VNFiqMNPjiibC9g==",
      "requires": {
        "ts-global": "^1.0.1"
      }
    },
    "ts-global": {
      "version": "1.0.1",
      "resolved": "https://registry.npmjs.org/ts-global/-/ts-global-1.0.1.tgz",
      "integrity": "sha512-/atjFCAGaD/wiD9/57VjfMz2/52Zl2+89YZDcsWhgFL6JSgzR1ZQurlfOhPu9Rj4pWvyBZjEuiye5Ms5mmxT+w=="
    }
  }
}
