{
  "name": "applyar-demo",
  "version": "3.6.2",
  "lockfileVersion": 2,
  "requires": true,
  "packages": {
    "": {
      "name": "applyar-demo",
      "version": "3.6.2",
      "dependencies": {
        "@appylar/cocos-sdk": "^0.0.11",
        "appylar-package-5ex": "^0.0.45"
      },
      "devDependencies": {
        "@types/node": "^18.15.11"
      }
    },
    "node_modules/@appylar/cocos-sdk": {
      "version": "0.0.11",
      "resolved": "https://registry.npmjs.org/@appylar/cocos-sdk/-/cocos-sdk-0.0.11.tgz",
      "integrity": "sha512-nS1Y6xoDO/gi2AvEt/E3MLL60FKtv9fRKbJMFXvV1T0Vt3IoVSpNZncqy6GxzeQ4rmJp5HEUMqb60Gn9+DSnKg==",
      "dependencies": {
        "ts-global": "^1.0.1"
      }
    },
    "node_modules/@types/node": {
      "version": "18.15.11",
      "resolved": "https://registry.npmjs.org/@types/node/-/node-18.15.11.tgz",
      "integrity": "sha512-E5Kwq2n4SbMzQOn6wnmBjuK9ouqlURrcZDVfbo9ftDDTFt3nk7ZKK4GMOzoYgnpQJKcxwQw+lGaBvvlMo0qN/Q==",
      "dev": true
    },
    "node_modules/appylar-package-5ex": {
      "version": "0.0.45",
      "resolved": "https://registry.npmjs.org/appylar-package-5ex/-/appylar-package-5ex-0.0.45.tgz",
      "integrity": "sha512-mrp5ngy79dKXTaUww0QwvA9vJlqHo+CY3TNo9mdavuGVpjcP0HkCAP+gZJglWHn/saCfuWF0r/IC9GnGDfHKSQ==",
      "dependencies": {
        "events": "^3.3.0",
        "ts-global": "^1.0.1"
      }
    },
    "node_modules/events": {
      "version": "3.3.0",
      "resolved": "https://registry.npmjs.org/events/-/events-3.3.0.tgz",
      "integrity": "sha512-mQw+2fkQbALzQ7V0MY0IqdnXNOeTtP4r0lN9z7AAawCXgqea7bDii20AYrIBrFd/Hx0M2Ocz6S111CaFkUcb0Q==",
      "engines": {
        "node": ">=0.8.x"
      }
    },
    "node_modules/ts-global": {
      "version": "1.0.1",
      "resolved": "https://registry.npmjs.org/ts-global/-/ts-global-1.0.1.tgz",
      "integrity": "sha512-/atjFCAGaD/wiD9/57VjfMz2/52Zl2+89YZDcsWhgFL6JSgzR1ZQurlfOhPu9Rj4pWvyBZjEuiye5Ms5mmxT+w=="
    }
  },
  "dependencies": {
    "@appylar/cocos-sdk": {
      "version": "0.0.11",
      "resolved": "https://registry.npmjs.org/@appylar/cocos-sdk/-/cocos-sdk-0.0.11.tgz",
      "integrity": "sha512-nS1Y6xoDO/gi2AvEt/E3MLL60FKtv9fRKbJMFXvV1T0Vt3IoVSpNZncqy6GxzeQ4rmJp5HEUMqb60Gn9+DSnKg==",
      "requires": {
        "ts-global": "^1.0.1"
      }
    },
    "@types/node": {
      "version": "18.15.11",
      "resolved": "https://registry.npmjs.org/@types/node/-/node-18.15.11.tgz",
      "integrity": "sha512-E5Kwq2n4SbMzQOn6wnmBjuK9ouqlURrcZDVfbo9ftDDTFt3nk7ZKK4GMOzoYgnpQJKcxwQw+lGaBvvlMo0qN/Q==",
      "dev": true
    },
    "appylar-package-5ex": {
      "version": "0.0.45",
      "resolved": "https://registry.npmjs.org/appylar-package-5ex/-/appylar-package-5ex-0.0.45.tgz",
      "integrity": "sha512-mrp5ngy79dKXTaUww0QwvA9vJlqHo+CY3TNo9mdavuGVpjcP0HkCAP+gZJglWHn/saCfuWF0r/IC9GnGDfHKSQ==",
      "requires": {
        "events": "^3.3.0",
        "ts-global": "^1.0.1"
      }
    },
    "events": {
      "version": "3.3.0",
      "resolved": "https://registry.npmjs.org/events/-/events-3.3.0.tgz",
      "integrity": "sha512-mQw+2fkQbALzQ7V0MY0IqdnXNOeTtP4r0lN9z7AAawCXgqea7bDii20AYrIBrFd/Hx0M2Ocz6S111CaFkUcb0Q=="
    },
    "ts-global": {
      "version": "1.0.1",
      "resolved": "https://registry.npmjs.org/ts-global/-/ts-global-1.0.1.tgz",
      "integrity": "sha512-/atjFCAGaD/wiD9/57VjfMz2/52Zl2+89YZDcsWhgFL6JSgzR1ZQurlfOhPu9Rj4pWvyBZjEuiye5Ms5mmxT+w=="
    }
  }
}
